
Microsoft Visual Studio Solution File, Format Version 12.00
# Visual Studio 2017
Project("{FAE04EC0-301F-11D3-BF4B-00C04F79EFBC}") = "Qamaq-master - Version de Travail", "Qamaq-master - Version de Travail.csproj", "{8470BD8E-ED2F-AB27-25D7-23284970225A}"
EndProject
Project("{FAE04EC0-301F-11D3-BF4B-00C04F79EFBC}") = "Qamaq-master - Version de Travail.Editor", "Qamaq-master - Version de Travail.Editor.csproj", "{BD8D9198-BCAE-76D4-96CA-35935DC3C2D7}"
EndProject
Global
	GlobalSection(SolutionConfigurationPlatforms) = preSolution
		Debug|Any CPU = Debug|Any CPU
		Release|Any CPU = Release|Any CPU
	EndGlobalSection
	GlobalSection(ProjectConfigurationPlatforms) = postSolution
		{8470BD8E-ED2F-AB27-25D7-23284970225A}.Debug|Any CPU.ActiveCfg = Debug|Any CPU
		{8470BD8E-ED2F-AB27-25D7-23284970225A}.Debug|Any CPU.Build.0 = Debug|Any CPU
		{8470BD8E-ED2F-AB27-25D7-23284970225A}.Release|Any CPU.ActiveCfg = Release|Any CPU
		{8470BD8E-ED2F-AB27-25D7-23284970225A}.Release|Any CPU.Build.0 = Release|Any CPU
		{BD8D9198-BCAE-76D4-96CA-35935DC3C2D7}.Debug|Any CPU.ActiveCfg = Debug|Any CPU
		{BD8D9198-BCAE-76D4-96CA-35935DC3C2D7}.Debug|Any CPU.Build.0 = Debug|Any CPU
		{BD8D9198-BCAE-76D4-96CA-35935DC3C2D7}.Release|Any CPU.ActiveCfg = Release|Any CPU
		{BD8D9198-BCAE-76D4-96CA-35935DC3C2D7}.Release|Any CPU.Build.0 = Release|Any CPU
	EndGlobalSection
	GlobalSection(SolutionProperties) = preSolution
		HideSolutionNode = FALSE
	EndGlobalSection
EndGlobal
