
Microsoft Visual Studio Solution File, Format Version 11.00
# Visual Studio 2010
Project("{FAE04EC0-301F-11D3-BF4B-00C04F79EFBC}") = "Zelda-Like v4.2", "Assembly-CSharp.csproj", "{A60C701B-6DD0-E358-C56D-D3BCDF2B9482}"
EndProject
Global
	GlobalSection(SolutionConfigurationPlatforms) = preSolution
		Debug|Any CPU = Debug|Any CPU
		Release|Any CPU = Release|Any CPU
	EndGlobalSection
	GlobalSection(ProjectConfigurationPlatforms) = postSolution
		{A60C701B-6DD0-E358-C56D-D3BCDF2B9482}.Debug|Any CPU.ActiveCfg = Debug|Any CPU
		{A60C701B-6DD0-E358-C56D-D3BCDF2B9482}.Debug|Any CPU.Build.0 = Debug|Any CPU
		{A60C701B-6DD0-E358-C56D-D3BCDF2B9482}.Release|Any CPU.ActiveCfg = Release|Any CPU
		{A60C701B-6DD0-E358-C56D-D3BCDF2B9482}.Release|Any CPU.Build.0 = Release|Any CPU
	EndGlobalSection
	GlobalSection(SolutionProperties) = preSolution
		HideSolutionNode = FALSE
	EndGlobalSection
	GlobalSection(MonoDevelopProperties) = preSolution
		StartupItem = Assembly-CSharp.csproj
	EndGlobalSection
EndGlobal
