
Microsoft Visual Studio Solution File, Format Version 11.00
# Visual Studio 2010
Project("{FAE04EC0-301F-11D3-BF4B-00C04F79EFBC}") = "Zelda-Like - Iwkamaq v10.8.2", "Assembly-CSharp.csproj", "{550FFAF9-26F6-52AC-7337-7885722B60EF}"
EndProject
Project("{FAE04EC0-301F-11D3-BF4B-00C04F79EFBC}") = "Zelda-Like - Iwkamaq v10.8.2", "Assembly-CSharp-Editor.csproj", "{B0F0792F-1B14-C61B-A898-9676711ABEA9}"
EndProject
Global
	GlobalSection(SolutionConfigurationPlatforms) = preSolution
		Debug|Any CPU = Debug|Any CPU
		Release|Any CPU = Release|Any CPU
	EndGlobalSection
	GlobalSection(ProjectConfigurationPlatforms) = postSolution
		{550FFAF9-26F6-52AC-7337-7885722B60EF}.Debug|Any CPU.ActiveCfg = Debug|Any CPU
		{550FFAF9-26F6-52AC-7337-7885722B60EF}.Debug|Any CPU.Build.0 = Debug|Any CPU
		{550FFAF9-26F6-52AC-7337-7885722B60EF}.Release|Any CPU.ActiveCfg = Release|Any CPU
		{550FFAF9-26F6-52AC-7337-7885722B60EF}.Release|Any CPU.Build.0 = Release|Any CPU
		{B0F0792F-1B14-C61B-A898-9676711ABEA9}.Debug|Any CPU.ActiveCfg = Debug|Any CPU
		{B0F0792F-1B14-C61B-A898-9676711ABEA9}.Debug|Any CPU.Build.0 = Debug|Any CPU
		{B0F0792F-1B14-C61B-A898-9676711ABEA9}.Release|Any CPU.ActiveCfg = Release|Any CPU
		{B0F0792F-1B14-C61B-A898-9676711ABEA9}.Release|Any CPU.Build.0 = Release|Any CPU
	EndGlobalSection
	GlobalSection(SolutionProperties) = preSolution
		HideSolutionNode = FALSE
	EndGlobalSection
	GlobalSection(MonoDevelopProperties) = preSolution
		StartupItem = Assembly-CSharp.csproj
	EndGlobalSection
EndGlobal
