
Microsoft Visual Studio Solution File, Format Version 12.00
# Visual Studio 2017
Project("{FAE04EC0-301F-11D3-BF4B-00C04F79EFBC}") = "Zelda-Like - Iwkamaq v12.1.4 - presque prêt pour la prez", "Zelda-Like - Iwkamaq v12.1.4 - presque prêt pour la prez.csproj", "{1E5534C4-4810-4011-AD42-CF22C84F89DC}"
EndProject
Project("{FAE04EC0-301F-11D3-BF4B-00C04F79EFBC}") = "Zelda-Like - Iwkamaq v12.1.4 - presque prêt pour la prez.Editor", "Zelda-Like - Iwkamaq v12.1.4 - presque prêt pour la prez.Editor.csproj", "{861AE8AF-F6AB-AFD4-9527-FD7A2D21BC42}"
EndProject
Global
	GlobalSection(SolutionConfigurationPlatforms) = preSolution
		Debug|Any CPU = Debug|Any CPU
		Release|Any CPU = Release|Any CPU
	EndGlobalSection
	GlobalSection(ProjectConfigurationPlatforms) = postSolution
		{1E5534C4-4810-4011-AD42-CF22C84F89DC}.Debug|Any CPU.ActiveCfg = Debug|Any CPU
		{1E5534C4-4810-4011-AD42-CF22C84F89DC}.Debug|Any CPU.Build.0 = Debug|Any CPU
		{1E5534C4-4810-4011-AD42-CF22C84F89DC}.Release|Any CPU.ActiveCfg = Release|Any CPU
		{1E5534C4-4810-4011-AD42-CF22C84F89DC}.Release|Any CPU.Build.0 = Release|Any CPU
		{861AE8AF-F6AB-AFD4-9527-FD7A2D21BC42}.Debug|Any CPU.ActiveCfg = Debug|Any CPU
		{861AE8AF-F6AB-AFD4-9527-FD7A2D21BC42}.Debug|Any CPU.Build.0 = Debug|Any CPU
		{861AE8AF-F6AB-AFD4-9527-FD7A2D21BC42}.Release|Any CPU.ActiveCfg = Release|Any CPU
		{861AE8AF-F6AB-AFD4-9527-FD7A2D21BC42}.Release|Any CPU.Build.0 = Release|Any CPU
	EndGlobalSection
	GlobalSection(SolutionProperties) = preSolution
		HideSolutionNode = FALSE
	EndGlobalSection
EndGlobal
